
Microsoft Visual Studio Solution File, Format Version 12.00
# Visual Studio Version 16
VisualStudioVersion = 16.0.31424.327
MinimumVisualStudioVersion = 10.0.40219.1
Project("{FAE04EC0-301F-11D3-BF4B-00C04F79EFBC}") = "RomanNumbers", "OPLaba4\RomanNumbers.csproj", "{3B011E04-2EDD-49E7-B034-7E4E9125D3C3}"
EndProject
Project("{FAE04EC0-301F-11D3-BF4B-00C04F79EFBC}") = "OP4Laba", "OP4Laba\OP4Laba.csproj", "{9057F3F5-8294-4C6E-B6A7-C9356B2ED5D2}"
EndProject
Global
	GlobalSection(SolutionConfigurationPlatforms) = preSolution
		Debug|Any CPU = Debug|Any CPU
		Release|Any CPU = Release|Any CPU
	EndGlobalSection
	GlobalSection(ProjectConfigurationPlatforms) = postSolution
		{3B011E04-2EDD-49E7-B034-7E4E9125D3C3}.Debug|Any CPU.ActiveCfg = Debug|Any CPU
		{3B011E04-2EDD-49E7-B034-7E4E9125D3C3}.Debug|Any CPU.Build.0 = Debug|Any CPU
		{3B011E04-2EDD-49E7-B034-7E4E9125D3C3}.Release|Any CPU.ActiveCfg = Release|Any CPU
		{3B011E04-2EDD-49E7-B034-7E4E9125D3C3}.Release|Any CPU.Build.0 = Release|Any CPU
		{9057F3F5-8294-4C6E-B6A7-C9356B2ED5D2}.Debug|Any CPU.ActiveCfg = Debug|Any CPU
		{9057F3F5-8294-4C6E-B6A7-C9356B2ED5D2}.Debug|Any CPU.Build.0 = Debug|Any CPU
		{9057F3F5-8294-4C6E-B6A7-C9356B2ED5D2}.Release|Any CPU.ActiveCfg = Release|Any CPU
		{9057F3F5-8294-4C6E-B6A7-C9356B2ED5D2}.Release|Any CPU.Build.0 = Release|Any CPU
	EndGlobalSection
	GlobalSection(SolutionProperties) = preSolution
		HideSolutionNode = FALSE
	EndGlobalSection
	GlobalSection(ExtensibilityGlobals) = postSolution
		SolutionGuid = {3C1A7A05-87FB-4D49-9111-8C804C06CAD8}
	EndGlobalSection
EndGlobal
