
Microsoft Visual Studio Solution File, Format Version 12.00
# Visual Studio Version 16
VisualStudioVersion = 16.0.31424.327
MinimumVisualStudioVersion = 10.0.40219.1
Project("{FAE04EC0-301F-11D3-BF4B-00C04F79EFBC}") = "OP3Laba", "OP3Laba\OP3Laba.csproj", "{A36D8E57-B2E0-4E8D-B034-56DF07571B2F}"
EndProject
Project("{FAE04EC0-301F-11D3-BF4B-00C04F79EFBC}") = "TextAbstractionClass", "TextAbstractionClass\TextAbstractionClass.csproj", "{58857E6D-C247-4926-99C9-E1C1FEDBECF0}"
EndProject
Global
	GlobalSection(SolutionConfigurationPlatforms) = preSolution
		Debug|Any CPU = Debug|Any CPU
		Release|Any CPU = Release|Any CPU
	EndGlobalSection
	GlobalSection(ProjectConfigurationPlatforms) = postSolution
		{A36D8E57-B2E0-4E8D-B034-56DF07571B2F}.Debug|Any CPU.ActiveCfg = Debug|Any CPU
		{A36D8E57-B2E0-4E8D-B034-56DF07571B2F}.Debug|Any CPU.Build.0 = Debug|Any CPU
		{A36D8E57-B2E0-4E8D-B034-56DF07571B2F}.Release|Any CPU.ActiveCfg = Release|Any CPU
		{A36D8E57-B2E0-4E8D-B034-56DF07571B2F}.Release|Any CPU.Build.0 = Release|Any CPU
		{58857E6D-C247-4926-99C9-E1C1FEDBECF0}.Debug|Any CPU.ActiveCfg = Debug|Any CPU
		{58857E6D-C247-4926-99C9-E1C1FEDBECF0}.Debug|Any CPU.Build.0 = Debug|Any CPU
		{58857E6D-C247-4926-99C9-E1C1FEDBECF0}.Release|Any CPU.ActiveCfg = Release|Any CPU
		{58857E6D-C247-4926-99C9-E1C1FEDBECF0}.Release|Any CPU.Build.0 = Release|Any CPU
	EndGlobalSection
	GlobalSection(SolutionProperties) = preSolution
		HideSolutionNode = FALSE
	EndGlobalSection
	GlobalSection(ExtensibilityGlobals) = postSolution
		SolutionGuid = {8D44A00D-5CD9-432C-9C48-B26A1FBA74CB}
	EndGlobalSection
EndGlobal
